
Microsoft Visual Studio Solution File, Format Version 12.00
# Visual Studio Version 17
VisualStudioVersion = 17.4.33205.214
MinimumVisualStudioVersion = 10.0.40219.1
Project("{9A19103F-16F7-4668-BE54-9A1E7A4F7556}") = "ConsoleClient", "ConsoleClient.csproj", "{1BE74FD3-6D1E-48AE-A8EB-021C512B47C8}"
EndProject
Project("{FAE04EC0-301F-11D3-BF4B-00C04F79EFBC}") = "ConsoleClientUnitTests", "..\ConsoleClientUnitTests\ConsoleClientUnitTests.csproj", "{5190DFF7-C648-41AE-9BF7-B0DD45C271CE}"
EndProject
Global
	GlobalSection(SolutionConfigurationPlatforms) = preSolution
		Debug|Any CPU = Debug|Any CPU
		Release|Any CPU = Release|Any CPU
	EndGlobalSection
	GlobalSection(ProjectConfigurationPlatforms) = postSolution
		{1BE74FD3-6D1E-48AE-A8EB-021C512B47C8}.Debug|Any CPU.ActiveCfg = Debug|Any CPU
		{1BE74FD3-6D1E-48AE-A8EB-021C512B47C8}.Debug|Any CPU.Build.0 = Debug|Any CPU
		{1BE74FD3-6D1E-48AE-A8EB-021C512B47C8}.Release|Any CPU.ActiveCfg = Release|Any CPU
		{1BE74FD3-6D1E-48AE-A8EB-021C512B47C8}.Release|Any CPU.Build.0 = Release|Any CPU
		{5190DFF7-C648-41AE-9BF7-B0DD45C271CE}.Debug|Any CPU.ActiveCfg = Debug|Any CPU
		{5190DFF7-C648-41AE-9BF7-B0DD45C271CE}.Debug|Any CPU.Build.0 = Debug|Any CPU
		{5190DFF7-C648-41AE-9BF7-B0DD45C271CE}.Release|Any CPU.ActiveCfg = Release|Any CPU
		{5190DFF7-C648-41AE-9BF7-B0DD45C271CE}.Release|Any CPU.Build.0 = Release|Any CPU
	EndGlobalSection
	GlobalSection(SolutionProperties) = preSolution
		HideSolutionNode = FALSE
	EndGlobalSection
	GlobalSection(ExtensibilityGlobals) = postSolution
		SolutionGuid = {8297D40C-D36F-4E0C-9660-8AE02E69C4FB}
	EndGlobalSection
EndGlobal
